
Microsoft Visual Studio Solution File, Format Version 12.00
# Visual Studio Version 17
VisualStudioVersion = 17.0.31903.59
MinimumVisualStudioVersion = 10.0.40219.1
Project("{2150E333-8FDC-42A3-9474-1A3956D46DE8}") = "src", "src", "{A1B2C3D4-1111-4000-A001-000000000001}"
EndProject
Project("{2150E333-8FDC-42A3-9474-1A3956D46DE8}") = "tests", "tests", "{A1B2C3D4-1111-4000-A001-000000000002}"
EndProject
Project("{FAE04EC0-301F-11D3-BF4B-00C04F79EFBC}") = "Shared", "src\Shared\Shared.csproj", "{B4E7F2A1-2A01-4C3D-9E5F-1A2B3C4D5E01}"
EndProject
Project("{FAE04EC0-301F-11D3-BF4B-00C04F79EFBC}") = "Core", "src\Core\Core.csproj", "{B4E7F2A1-2A01-4C3D-9E5F-1A2B3C4D5E02}"
EndProject
Project("{FAE04EC0-301F-11D3-BF4B-00C04F79EFBC}") = "RevitModelExtractor", "src\RevitModelExtractor\RevitModelExtractor.csproj", "{B4E7F2A1-2A01-4C3D-9E5F-1A2B3C4D5E03}"
EndProject
Project("{FAE04EC0-301F-11D3-BF4B-00C04F79EFBC}") = "AiClient", "src\AiClient\AiClient.csproj", "{B4E7F2A1-2A01-4C3D-9E5F-1A2B3C4D5E04}"
EndProject
Project("{FAE04EC0-301F-11D3-BF4B-00C04F79EFBC}") = "DocTemplates", "src\DocTemplates\DocTemplates.csproj", "{B4E7F2A1-2A01-4C3D-9E5F-1A2B3C4D5E05}"
EndProject
Project("{FAE04EC0-301F-11D3-BF4B-00C04F79EFBC}") = "DocExport", "src\DocExport\DocExport.csproj", "{B4E7F2A1-2A01-4C3D-9E5F-1A2B3C4D5E06}"
EndProject
Project("{FAE04EC0-301F-11D3-BF4B-00C04F79EFBC}") = "RevitAddin", "src\RevitAddin\RevitAddin.csproj", "{B4E7F2A1-2A01-4C3D-9E5F-1A2B3C4D5E07}"
EndProject
Project("{FAE04EC0-301F-11D3-BF4B-00C04F79EFBC}") = "Core.Tests", "tests\Core.Tests\Core.Tests.csproj", "{C5F8A3B2-3B12-4D4E-AF60-2B3C4D5E6F08}"
EndProject
Project("{FAE04EC0-301F-11D3-BF4B-00C04F79EFBC}") = "AiClient.Tests", "tests\AiClient.Tests\AiClient.Tests.csproj", "{C5F8A3B2-3B12-4D4E-AF60-2B3C4D5E6F09}"
EndProject
Global
	GlobalSection(SolutionConfigurationPlatforms) = preSolution
		Debug|Any CPU = Debug|Any CPU
		Release|Any CPU = Release|Any CPU
	EndGlobalSection
	GlobalSection(ProjectConfigurationPlatforms) = postSolution
		{B4E7F2A1-2A01-4C3D-9E5F-1A2B3C4D5E01}.Debug|Any CPU.ActiveCfg = Debug|Any CPU
		{B4E7F2A1-2A01-4C3D-9E5F-1A2B3C4D5E01}.Debug|Any CPU.Build.0 = Debug|Any CPU
		{B4E7F2A1-2A01-4C3D-9E5F-1A2B3C4D5E01}.Release|Any CPU.ActiveCfg = Release|Any CPU
		{B4E7F2A1-2A01-4C3D-9E5F-1A2B3C4D5E01}.Release|Any CPU.Build.0 = Release|Any CPU
		{B4E7F2A1-2A01-4C3D-9E5F-1A2B3C4D5E02}.Debug|Any CPU.ActiveCfg = Debug|Any CPU
		{B4E7F2A1-2A01-4C3D-9E5F-1A2B3C4D5E02}.Debug|Any CPU.Build.0 = Debug|Any CPU
		{B4E7F2A1-2A01-4C3D-9E5F-1A2B3C4D5E02}.Release|Any CPU.ActiveCfg = Release|Any CPU
		{B4E7F2A1-2A01-4C3D-9E5F-1A2B3C4D5E02}.Release|Any CPU.Build.0 = Release|Any CPU
		{B4E7F2A1-2A01-4C3D-9E5F-1A2B3C4D5E03}.Debug|Any CPU.ActiveCfg = Debug|Any CPU
		{B4E7F2A1-2A01-4C3D-9E5F-1A2B3C4D5E03}.Debug|Any CPU.Build.0 = Debug|Any CPU
		{B4E7F2A1-2A01-4C3D-9E5F-1A2B3C4D5E03}.Release|Any CPU.ActiveCfg = Release|Any CPU
		{B4E7F2A1-2A01-4C3D-9E5F-1A2B3C4D5E03}.Release|Any CPU.Build.0 = Release|Any CPU
		{B4E7F2A1-2A01-4C3D-9E5F-1A2B3C4D5E04}.Debug|Any CPU.ActiveCfg = Debug|Any CPU
		{B4E7F2A1-2A01-4C3D-9E5F-1A2B3C4D5E04}.Debug|Any CPU.Build.0 = Debug|Any CPU
		{B4E7F2A1-2A01-4C3D-9E5F-1A2B3C4D5E04}.Release|Any CPU.ActiveCfg = Release|Any CPU
		{B4E7F2A1-2A01-4C3D-9E5F-1A2B3C4D5E04}.Release|Any CPU.Build.0 = Release|Any CPU
		{B4E7F2A1-2A01-4C3D-9E5F-1A2B3C4D5E05}.Debug|Any CPU.ActiveCfg = Debug|Any CPU
		{B4E7F2A1-2A01-4C3D-9E5F-1A2B3C4D5E05}.Debug|Any CPU.Build.0 = Debug|Any CPU
		{B4E7F2A1-2A01-4C3D-9E5F-1A2B3C4D5E05}.Release|Any CPU.ActiveCfg = Release|Any CPU
		{B4E7F2A1-2A01-4C3D-9E5F-1A2B3C4D5E05}.Release|Any CPU.Build.0 = Release|Any CPU
		{B4E7F2A1-2A01-4C3D-9E5F-1A2B3C4D5E06}.Debug|Any CPU.ActiveCfg = Debug|Any CPU
		{B4E7F2A1-2A01-4C3D-9E5F-1A2B3C4D5E06}.Debug|Any CPU.Build.0 = Debug|Any CPU
		{B4E7F2A1-2A01-4C3D-9E5F-1A2B3C4D5E06}.Release|Any CPU.ActiveCfg = Release|Any CPU
		{B4E7F2A1-2A01-4C3D-9E5F-1A2B3C4D5E06}.Release|Any CPU.Build.0 = Release|Any CPU
		{B4E7F2A1-2A01-4C3D-9E5F-1A2B3C4D5E07}.Debug|Any CPU.ActiveCfg = Debug|Any CPU
		{B4E7F2A1-2A01-4C3D-9E5F-1A2B3C4D5E07}.Debug|Any CPU.Build.0 = Debug|Any CPU
		{B4E7F2A1-2A01-4C3D-9E5F-1A2B3C4D5E07}.Release|Any CPU.ActiveCfg = Release|Any CPU
		{B4E7F2A1-2A01-4C3D-9E5F-1A2B3C4D5E07}.Release|Any CPU.Build.0 = Release|Any CPU
		{C5F8A3B2-3B12-4D4E-AF60-2B3C4D5E6F08}.Debug|Any CPU.ActiveCfg = Debug|Any CPU
		{C5F8A3B2-3B12-4D4E-AF60-2B3C4D5E6F08}.Debug|Any CPU.Build.0 = Debug|Any CPU
		{C5F8A3B2-3B12-4D4E-AF60-2B3C4D5E6F08}.Release|Any CPU.ActiveCfg = Release|Any CPU
		{C5F8A3B2-3B12-4D4E-AF60-2B3C4D5E6F08}.Release|Any CPU.Build.0 = Release|Any CPU
		{C5F8A3B2-3B12-4D4E-AF60-2B3C4D5E6F09}.Debug|Any CPU.ActiveCfg = Debug|Any CPU
		{C5F8A3B2-3B12-4D4E-AF60-2B3C4D5E6F09}.Debug|Any CPU.Build.0 = Debug|Any CPU
		{C5F8A3B2-3B12-4D4E-AF60-2B3C4D5E6F09}.Release|Any CPU.ActiveCfg = Release|Any CPU
		{C5F8A3B2-3B12-4D4E-AF60-2B3C4D5E6F09}.Release|Any CPU.Build.0 = Release|Any CPU
	EndGlobalSection
	GlobalSection(SolutionProperties) = preSolution
		HideSolutionNode = FALSE
	EndGlobalSection
	GlobalSection(NestedProjects) = preSolution
		{B4E7F2A1-2A01-4C3D-9E5F-1A2B3C4D5E01} = {A1B2C3D4-1111-4000-A001-000000000001}
		{B4E7F2A1-2A01-4C3D-9E5F-1A2B3C4D5E02} = {A1B2C3D4-1111-4000-A001-000000000001}
		{B4E7F2A1-2A01-4C3D-9E5F-1A2B3C4D5E03} = {A1B2C3D4-1111-4000-A001-000000000001}
		{B4E7F2A1-2A01-4C3D-9E5F-1A2B3C4D5E04} = {A1B2C3D4-1111-4000-A001-000000000001}
		{B4E7F2A1-2A01-4C3D-9E5F-1A2B3C4D5E05} = {A1B2C3D4-1111-4000-A001-000000000001}
		{B4E7F2A1-2A01-4C3D-9E5F-1A2B3C4D5E06} = {A1B2C3D4-1111-4000-A001-000000000001}
		{B4E7F2A1-2A01-4C3D-9E5F-1A2B3C4D5E07} = {A1B2C3D4-1111-4000-A001-000000000001}
		{C5F8A3B2-3B12-4D4E-AF60-2B3C4D5E6F08} = {A1B2C3D4-1111-4000-A001-000000000002}
		{C5F8A3B2-3B12-4D4E-AF60-2B3C4D5E6F09} = {A1B2C3D4-1111-4000-A001-000000000002}
	EndGlobalSection
	GlobalSection(ExtensibilityGlobals) = postSolution
		SolutionGuid = {D7E9F0A1-4C5B-6D7E-8F90-A1B2C3D4E5F6}
	EndGlobalSection
EndGlobal
